// !$*UTF8*$!
{
	archiveVersion = 1;
	classes = {
	};
	objectVersion = 46;
	objects = {

/* Begin PBXBuildFile section */
		5650FA5F1CC8740E006CC593 /* main.m in Sources */ = {isa = PBXBuildFile; fileRef = 5650FA5E1CC8740E006CC593 /* main.m */; };
		5650FA621CC8740E006CC593 /* AppDelegate.m in Sources */ = {isa = PBXBuildFile; fileRef = 5650FA611CC8740E006CC593 /* AppDelegate.m */; };
		5650FA651CC8740E006CC593 /* ViewController.m in Sources */ = {isa = PBXBuildFile; fileRef = 5650FA641CC8740E006CC593 /* ViewController.m */; };
		5650FA681CC8740E006CC593 /* Main.storyboard in Resources */ = {isa = PBXBuildFile; fileRef = 5650FA661CC8740E006CC593 /* Main.storyboard */; };
		5650FA6A1CC8740E006CC593 /* Assets.xcassets in Resources */ = {isa = PBXBuildFile; fileRef = 5650FA691CC8740E006CC593 /* Assets.xcassets */; };
		5650FA6D1CC8740E006CC593 /* LaunchScreen.storyboard in Resources */ = {isa = PBXBuildFile; fileRef = 5650FA6B1CC8740E006CC593 /* LaunchScreen.storyboard */; };
		5650FA781CC8740E006CC593 /* FlightCheckDemoTests.m in Sources */ = {isa = PBXBuildFile; fileRef = 5650FA771CC8740E006CC593 /* FlightCheckDemoTests.m */; };
		5650FA831CC8740E006CC593 /* FlightCheckDemoUITests.m in Sources */ = {isa = PBXBuildFile; fileRef = 5650FA821CC8740E006CC593 /* FlightCheckDemoUITests.m */; };
		5650FA921CC8ABB7006CC593 /* FligtViewController.m in Sources */ = {isa = PBXBuildFile; fileRef = 5650FA911CC8ABB7006CC593 /* FligtViewController.m */; };
		5650FD531CC8B132006CC593 /* Alert.m in Sources */ = {isa = PBXBuildFile; fileRef = 5650FD521CC8B132006CC593 /* Alert.m */; };
		5650FD561CC8B36F006CC593 /* ZJPickView.m in Sources */ = {isa = PBXBuildFile; fileRef = 5650FD551CC8B36F006CC593 /* ZJPickView.m */; };
		5650FD591CC8C5E8006CC593 /* FlightModel.m in Sources */ = {isa = PBXBuildFile; fileRef = 5650FD581CC8C5E8006CC593 /* FlightModel.m */; };
		5650FD601CC8E963006CC593 /* FlightTableViewCell.m in Sources */ = {isa = PBXBuildFile; fileRef = 5650FD5E1CC8E963006CC593 /* FlightTableViewCell.m */; };
		5650FD611CC8E963006CC593 /* FlightTableViewCell.xib in Resources */ = {isa = PBXBuildFile; fileRef = 5650FD5F1CC8E963006CC593 /* FlightTableViewCell.xib */; };
/* End PBXBuildFile section */

/* Begin PBXContainerItemProxy section */
		5650FA741CC8740E006CC593 /* PBXContainerItemProxy */ = {
			isa = PBXContainerItemProxy;
			containerPortal = 5650FA521CC8740D006CC593 /* Project object */;
			proxyType = 1;
			remoteGlobalIDString = 5650FA591CC8740D006CC593;
			remoteInfo = FlightCheckDemo;
		};
		5650FA7F1CC8740E006CC593 /* PBXContainerItemProxy */ = {
			isa = PBXContainerItemProxy;
			containerPortal = 5650FA521CC8740D006CC593 /* Project object */;
			proxyType = 1;
			remoteGlobalIDString = 5650FA591CC8740D006CC593;
			remoteInfo = FlightCheckDemo;
		};
/* End PBXContainerItemProxy section */

/* Begin PBXFileReference section */
		5650FA5A1CC8740E006CC593 /* FlightCheckDemo.app */ = {isa = PBXFileReference; explicitFileType = wrapper.application; includeInIndex = 0; path = FlightCheckDemo.app; sourceTree = BUILT_PRODUCTS_DIR; };
		5650FA5E1CC8740E006CC593 /* main.m */ = {isa = PBXFileReference; lastKnownFileType = sourcecode.c.objc; path = main.m; sourceTree = "<group>"; };
		5650FA601CC8740E006CC593 /* AppDelegate.h */ = {isa = PBXFileReference; lastKnownFileType = sourcecode.c.h; path = AppDelegate.h; sourceTree = "<group>"; };
		5650FA611CC8740E006CC593 /* AppDelegate.m */ = {isa = PBXFileReference; lastKnownFileType = sourcecode.c.objc; path = AppDelegate.m; sourceTree = "<group>"; };
		5650FA631CC8740E006CC593 /* ViewController.h */ = {isa = PBXFileReference; lastKnownFileType = sourcecode.c.h; path = ViewController.h; sourceTree = "<group>"; };
		5650FA641CC8740E006CC593 /* ViewController.m */ = {isa = PBXFileReference; lastKnownFileType = sourcecode.c.objc; path = ViewController.m; sourceTree = "<group>"; };
		5650FA671CC8740E006CC593 /* Base */ = {isa = PBXFileReference; lastKnownFileType = file.storyboard; name = Base; path = Base.lproj/Main.storyboard; sourceTree = "<group>"; };
		5650FA691CC8740E006CC593 /* Assets.xcassets */ = {isa = PBXFileReference; lastKnownFileType = folder.assetcatalog; path = Assets.xcassets; sourceTree = "<group>"; };
		5650FA6C1CC8740E006CC593 /* Base */ = {isa = PBXFileReference; lastKnownFileType = file.storyboard; name = Base; path = Base.lproj/LaunchScreen.storyboard; sourceTree = "<group>"; };
		5650FA6E1CC8740E006CC593 /* Info.plist */ = {isa = PBXFileReference; lastKnownFileType = text.plist.xml; path = Info.plist; sourceTree = "<group>"; };
		5650FA731CC8740E006CC593 /* FlightCheckDemoTests.xctest */ = {isa = PBXFileReference; explicitFileType = wrapper.cfbundle; includeInIndex = 0; path = FlightCheckDemoTests.xctest; sourceTree = BUILT_PRODUCTS_DIR; };
		5650FA771CC8740E006CC593 /* FlightCheckDemoTests.m */ = {isa = PBXFileReference; lastKnownFileType = sourcecode.c.objc; path = FlightCheckDemoTests.m; sourceTree = "<group>"; };
		5650FA791CC8740E006CC593 /* Info.plist */ = {isa = PBXFileReference; lastKnownFileType = text.plist.xml; path = Info.plist; sourceTree = "<group>"; };
		5650FA7E1CC8740E006CC593 /* FlightCheckDemoUITests.xctest */ = {isa = PBXFileReference; explicitFileType = wrapper.cfbundle; includeInIndex = 0; path = FlightCheckDemoUITests.xctest; sourceTree = BUILT_PRODUCTS_DIR; };
		5650FA821CC8740E006CC593 /* FlightCheckDemoUITests.m */ = {isa = PBXFileReference; lastKnownFileType = sourcecode.c.objc; path = FlightCheckDemoUITests.m; sourceTree = "<group>"; };
		5650FA841CC8740E006CC593 /* Info.plist */ = {isa = PBXFileReference; lastKnownFileType = text.plist.xml; path = Info.plist; sourceTree = "<group>"; };
		5650FA901CC8ABB7006CC593 /* FligtViewController.h */ = {isa = PBXFileReference; fileEncoding = 4; lastKnownFileType = sourcecode.c.h; path = FligtViewController.h; sourceTree = "<group>"; };
		5650FA911CC8ABB7006CC593 /* FligtViewController.m */ = {isa = PBXFileReference; fileEncoding = 4; lastKnownFileType = sourcecode.c.objc; path = FligtViewController.m; sourceTree = "<group>"; };
		5650FD511CC8B132006CC593 /* Alert.h */ = {isa = PBXFileReference; fileEncoding = 4; lastKnownFileType = sourcecode.c.h; path = Alert.h; sourceTree = "<group>"; };
		5650FD521CC8B132006CC593 /* Alert.m */ = {isa = PBXFileReference; fileEncoding = 4; lastKnownFileType = sourcecode.c.objc; path = Alert.m; sourceTree = "<group>"; };
		5650FD541CC8B36F006CC593 /* ZJPickView.h */ = {isa = PBXFileReference; fileEncoding = 4; lastKnownFileType = sourcecode.c.h; path = ZJPickView.h; sourceTree = "<group>"; };
		5650FD551CC8B36F006CC593 /* ZJPickView.m */ = {isa = PBXFileReference; fileEncoding = 4; lastKnownFileType = sourcecode.c.objc; path = ZJPickView.m; sourceTree = "<group>"; };
		5650FD571CC8C5E8006CC593 /* FlightModel.h */ = {isa = PBXFileReference; fileEncoding = 4; lastKnownFileType = sourcecode.c.h; path = FlightModel.h; sourceTree = "<group>"; };
		5650FD581CC8C5E8006CC593 /* FlightModel.m */ = {isa = PBXFileReference; fileEncoding = 4; lastKnownFileType = sourcecode.c.objc; path = FlightModel.m; sourceTree = "<group>"; };
		5650FD5D1CC8E963006CC593 /* FlightTableViewCell.h */ = {isa = PBXFileReference; fileEncoding = 4; lastKnownFileType = sourcecode.c.h; path = FlightTableViewCell.h; sourceTree = "<group>"; };
		5650FD5E1CC8E963006CC593 /* FlightTableViewCell.m */ = {isa = PBXFileReference; fileEncoding = 4; lastKnownFileType = sourcecode.c.objc; path = FlightTableViewCell.m; sourceTree = "<group>"; };
		5650FD5F1CC8E963006CC593 /* FlightTableViewCell.xib */ = {isa = PBXFileReference; fileEncoding = 4; lastKnownFileType = file.xib; path = FlightTableViewCell.xib; sourceTree = "<group>"; };
/* End PBXFileReference section */

/* Begin PBXFrameworksBuildPhase section */
		5650FA571CC8740D006CC593 /* Frameworks */ = {
			isa = PBXFrameworksBuildPhase;
			buildActionMask = 2147483647;
			files = (
			);
			runOnlyForDeploymentPostprocessing = 0;
		};
		5650FA701CC8740E006CC593 /* Frameworks */ = {
			isa = PBXFrameworksBuildPhase;
			buildActionMask = 2147483647;
			files = (
			);
			runOnlyForDeploymentPostprocessing = 0;
		};
		5650FA7B1CC8740E006CC593 /* Frameworks */ = {
			isa = PBXFrameworksBuildPhase;
			buildActionMask = 2147483647;
			files = (
			);
			runOnlyForDeploymentPostprocessing = 0;
		};
/* End PBXFrameworksBuildPhase section */

/* Begin PBXGroup section */
		5650FA511CC8740D006CC593 = {
			isa = PBXGroup;
			children = (
				5650FA5C1CC8740E006CC593 /* FlightCheckDemo */,
				5650FA761CC8740E006CC593 /* FlightCheckDemoTests */,
				5650FA811CC8740E006CC593 /* FlightCheckDemoUITests */,
				5650FA5B1CC8740E006CC593 /* Products */,
			);
			sourceTree = "<group>";
		};
		5650FA5B1CC8740E006CC593 /* Products */ = {
			isa = PBXGroup;
			children = (
				5650FA5A1CC8740E006CC593 /* FlightCheckDemo.app */,
				5650FA731CC8740E006CC593 /* FlightCheckDemoTests.xctest */,
				5650FA7E1CC8740E006CC593 /* FlightCheckDemoUITests.xctest */,
			);
			name = Products;
			sourceTree = "<group>";
		};
		5650FA5C1CC8740E006CC593 /* FlightCheckDemo */ = {
			isa = PBXGroup;
			children = (
				5650FD571CC8C5E8006CC593 /* FlightModel.h */,
				5650FD581CC8C5E8006CC593 /* FlightModel.m */,
				5650FD541CC8B36F006CC593 /* ZJPickView.h */,
				5650FD551CC8B36F006CC593 /* ZJPickView.m */,
				5650FD511CC8B132006CC593 /* Alert.h */,
				5650FD521CC8B132006CC593 /* Alert.m */,
				5650FA601CC8740E006CC593 /* AppDelegate.h */,
				5650FA611CC8740E006CC593 /* AppDelegate.m */,
				5650FA631CC8740E006CC593 /* ViewController.h */,
				5650FA641CC8740E006CC593 /* ViewController.m */,
				5650FD5D1CC8E963006CC593 /* FlightTableViewCell.h */,
				5650FD5E1CC8E963006CC593 /* FlightTableViewCell.m */,
				5650FD5F1CC8E963006CC593 /* FlightTableViewCell.xib */,
				5650FA901CC8ABB7006CC593 /* FligtViewController.h */,
				5650FA911CC8ABB7006CC593 /* FligtViewController.m */,
				5650FA661CC8740E006CC593 /* Main.storyboard */,
				5650FA691CC8740E006CC593 /* Assets.xcassets */,
				5650FA6B1CC8740E006CC593 /* LaunchScreen.storyboard */,
				5650FA6E1CC8740E006CC593 /* Info.plist */,
				5650FA5D1CC8740E006CC593 /* Supporting Files */,
			);
			path = FlightCheckDemo;
			sourceTree = "<group>";
		};
		5650FA5D1CC8740E006CC593 /* Supporting Files */ = {
			isa = PBXGroup;
			children = (
				5650FA5E1CC8740E006CC593 /* main.m */,
			);
			name = "Supporting Files";
			sourceTree = "<group>";
		};
		5650FA761CC8740E006CC593 /* FlightCheckDemoTests */ = {
			isa = PBXGroup;
			children = (
				5650FA771CC8740E006CC593 /* FlightCheckDemoTests.m */,
				5650FA791CC8740E006CC593 /* Info.plist */,
			);
			path = FlightCheckDemoTests;
			sourceTree = "<group>";
		};
		5650FA811CC8740E006CC593 /* FlightCheckDemoUITests */ = {
			isa = PBXGroup;
			children = (
				5650FA821CC8740E006CC593 /* FlightCheckDemoUITests.m */,
				5650FA841CC8740E006CC593 /* Info.plist */,
			);
			path = FlightCheckDemoUITests;
			sourceTree = "<group>";
		};
/* End PBXGroup section */

/* Begin PBXNativeTarget section */
		5650FA591CC8740D006CC593 /* FlightCheckDemo */ = {
			isa = PBXNativeTarget;
			buildConfigurationList = 5650FA871CC8740E006CC593 /* Build configuration list for PBXNativeTarget "FlightCheckDemo" */;
			buildPhases = (
				5650FA561CC8740D006CC593 /* Sources */,
				5650FA571CC8740D006CC593 /* Frameworks */,
				5650FA581CC8740D006CC593 /* Resources */,
			);
			buildRules = (
			);
			dependencies = (
			);
			name = FlightCheckDemo;
			productName = FlightCheckDemo;
			productReference = 5650FA5A1CC8740E006CC593 /* FlightCheckDemo.app */;
			productType = "com.apple.product-type.application";
		};
		5650FA721CC8740E006CC593 /* FlightCheckDemoTests */ = {
			isa = PBXNativeTarget;
			buildConfigurationList = 5650FA8A1CC8740E006CC593 /* Build configuration list for PBXNativeTarget "FlightCheckDemoTests" */;
			buildPhases = (
				5650FA6F1CC8740E006CC593 /* Sources */,
				5650FA701CC8740E006CC593 /* Frameworks */,
				5650FA711CC8740E006CC593 /* Resources */,
			);
			buildRules = (
			);
			dependencies = (
				5650FA751CC8740E006CC593 /* PBXTargetDependency */,
			);
			name = FlightCheckDemoTests;
			productName = FlightCheckDemoTests;
			productReference = 5650FA731CC8740E006CC593 /* FlightCheckDemoTests.xctest */;
			productType = "com.apple.product-type.bundle.unit-test";
		};
		5650FA7D1CC8740E006CC593 /* FlightCheckDemoUITests */ = {
			isa = PBXNativeTarget;
			buildConfigurationList = 5650FA8D1CC8740E006CC593 /* Build configuration list for PBXNativeTarget "FlightCheckDemoUITests" */;
			buildPhases = (
				5650FA7A1CC8740E006CC593 /* Sources */,
				5650FA7B1CC8740E006CC593 /* Frameworks */,
				5650FA7C1CC8740E006CC593 /* Resources */,
			);
			buildRules = (
			);
			dependencies = (
				5650FA801CC8740E006CC593 /* PBXTargetDependency */,
			);
			name = FlightCheckDemoUITests;
			productName = FlightCheckDemoUITests;
			productReference = 5650FA7E1CC8740E006CC593 /* FlightCheckDemoUITests.xctest */;
			productType = "com.apple.product-type.bundle.ui-testing";
		};
/* End PBXNativeTarget section */

/* Begin PBXProject section */
		5650FA521CC8740D006CC593 /* Project object */ = {
			isa = PBXProject;
			attributes = {
				LastUpgradeCheck = 0720;
				ORGANIZATIONNAME = easub;
				TargetAttributes = {
					5650FA591CC8740D006CC593 = {
						CreatedOnToolsVersion = 7.2;
					};
					5650FA721CC8740E006CC593 = {
						CreatedOnToolsVersion = 7.2;
						TestTargetID = 5650FA591CC8740D006CC593;
					};
					5650FA7D1CC8740E006CC593 = {
						CreatedOnToolsVersion = 7.2;
						TestTargetID = 5650FA591CC8740D006CC593;
					};
				};
			};
			buildConfigurationList = 5650FA551CC8740D006CC593 /* Build configuration list for PBXProject "FlightCheckDemo" */;
			compatibilityVersion = "Xcode 3.2";
			developmentRegion = English;
			hasScannedForEncodings = 0;
			knownRegions = (
				en,
				Base,
			);
			mainGroup = 5650FA511CC8740D006CC593;
			productRefGroup = 5650FA5B1CC8740E006CC593 /* Products */;
			projectDirPath = "";
			projectRoot = "";
			targets = (
				5650FA591CC8740D006CC593 /* FlightCheckDemo */,
				5650FA721CC8740E006CC593 /* FlightCheckDemoTests */,
				5650FA7D1CC8740E006CC593 /* FlightCheckDemoUITests */,
			);
		};
/* End PBXProject section */

/* Begin PBXResourcesBuildPhase section */
		5650FA581CC8740D006CC593 /* Resources */ = {
			isa = PBXResourcesBuildPhase;
			buildActionMask = 2147483647;
			files = (
				5650FA6D1CC8740E006CC593 /* LaunchScreen.storyboard in Resources */,
				5650FD611CC8E963006CC593 /* FlightTableViewCell.xib in Resources */,
				5650FA6A1CC8740E006CC593 /* Assets.xcassets in Resources */,
				5650FA681CC8740E006CC593 /* Main.storyboard in Resources */,
			);
			runOnlyForDeploymentPostprocessing = 0;
		};
		5650FA711CC8740E006CC593 /* Resources */ = {
			isa = PBXResourcesBuildPhase;
			buildActionMask = 2147483647;
			files = (
			);
			runOnlyForDeploymentPostprocessing = 0;
		};
		5650FA7C1CC8740E006CC593 /* Resources */ = {
			isa = PBXResourcesBuildPhase;
			buildActionMask = 2147483647;
			files = (
			);
			runOnlyForDeploymentPostprocessing = 0;
		};
/* End PBXResourcesBuildPhase section */

/* Begin PBXSourcesBuildPhase section */
		5650FA561CC8740D006CC593 /* Sources */ = {
			isa = PBXSourcesBuildPhase;
			buildActionMask = 2147483647;
			files = (
				5650FA651CC8740E006CC593 /* ViewController.m in Sources */,
				5650FD601CC8E963006CC593 /* FlightTableViewCell.m in Sources */,
				5650FD531CC8B132006CC593 /* Alert.m in Sources */,
				5650FA921CC8ABB7006CC593 /* FligtViewController.m in Sources */,
				5650FA621CC8740E006CC593 /* AppDelegate.m in Sources */,
				5650FD591CC8C5E8006CC593 /* FlightModel.m in Sources */,
				5650FA5F1CC8740E006CC593 /* main.m in Sources */,
				5650FD561CC8B36F006CC593 /* ZJPickView.m in Sources */,
			);
			runOnlyForDeploymentPostprocessing = 0;
		};
		5650FA6F1CC8740E006CC593 /* Sources */ = {
			isa = PBXSourcesBuildPhase;
			buildActionMask = 2147483647;
			files = (
				5650FA781CC8740E006CC593 /* FlightCheckDemoTests.m in Sources */,
			);
			runOnlyForDeploymentPostprocessing = 0;
		};
		5650FA7A1CC8740E006CC593 /* Sources */ = {
			isa = PBXSourcesBuildPhase;
			buildActionMask = 2147483647;
			files = (
				5650FA831CC8740E006CC593 /* FlightCheckDemoUITests.m in Sources */,
			);
			runOnlyForDeploymentPostprocessing = 0;
		};
/* End PBXSourcesBuildPhase section */

/* Begin PBXTargetDependency section */
		5650FA751CC8740E006CC593 /* PBXTargetDependency */ = {
			isa = PBXTargetDependency;
			target = 5650FA591CC8740D006CC593 /* FlightCheckDemo */;
			targetProxy = 5650FA741CC8740E006CC593 /* PBXContainerItemProxy */;
		};
		5650FA801CC8740E006CC593 /* PBXTargetDependency */ = {
			isa = PBXTargetDependency;
			target = 5650FA591CC8740D006CC593 /* FlightCheckDemo */;
			targetProxy = 5650FA7F1CC8740E006CC593 /* PBXContainerItemProxy */;
		};
/* End PBXTargetDependency section */

/* Begin PBXVariantGroup section */
		5650FA661CC8740E006CC593 /* Main.storyboard */ = {
			isa = PBXVariantGroup;
			children = (
				5650FA671CC8740E006CC593 /* Base */,
			);
			name = Main.storyboard;
			sourceTree = "<group>";
		};
		5650FA6B1CC8740E006CC593 /* LaunchScreen.storyboard */ = {
			isa = PBXVariantGroup;
			children = (
				5650FA6C1CC8740E006CC593 /* Base */,
			);
			name = LaunchScreen.storyboard;
			sourceTree = "<group>";
		};
/* End PBXVariantGroup section */

/* Begin XCBuildConfiguration section */
		5650FA851CC8740E006CC593 /* Debug */ = {
			isa = XCBuildConfiguration;
			buildSettings = {
				ALWAYS_SEARCH_USER_PATHS = NO;
				CLANG_CXX_LANGUAGE_STANDARD = "gnu++0x";
				CLANG_CXX_LIBRARY = "libc++";
				CLANG_ENABLE_MODULES = YES;
				CLANG_ENABLE_OBJC_ARC = YES;
				CLANG_WARN_BOOL_CONVERSION = YES;
				CLANG_WARN_CONSTANT_CONVERSION = YES;
				CLANG_WARN_DIRECT_OBJC_ISA_USAGE = YES_ERROR;
				CLANG_WARN_EMPTY_BODY = YES;
				CLANG_WARN_ENUM_CONVERSION = YES;
				CLANG_WARN_INT_CONVERSION = YES;
				CLANG_WARN_OBJC_ROOT_CLASS = YES_ERROR;
				CLANG_WARN_UNREACHABLE_CODE = YES;
				CLANG_WARN__DUPLICATE_METHOD_MATCH = YES;
				"CODE_SIGN_IDENTITY[sdk=iphoneos*]" = "iPhone Developer";
				COPY_PHASE_STRIP = NO;
				DEBUG_INFORMATION_FORMAT = dwarf;
				ENABLE_STRICT_OBJC_MSGSEND = YES;
				ENABLE_TESTABILITY = YES;
				GCC_C_LANGUAGE_STANDARD = gnu99;
				GCC_DYNAMIC_NO_PIC = NO;
				GCC_NO_COMMON_BLOCKS = YES;
				GCC_OPTIMIZATION_LEVEL = 0;
				GCC_PREPROCESSOR_DEFINITIONS = (
					"DEBUG=1",
					"$(inherited)",
				);
				GCC_WARN_64_TO_32_BIT_CONVERSION = YES;
				GCC_WARN_ABOUT_RETURN_TYPE = YES_ERROR;
				GCC_WARN_UNDECLARED_SELECTOR = YES;
				GCC_WARN_UNINITIALIZED_AUTOS = YES_AGGRESSIVE;
				GCC_WARN_UNUSED_FUNCTION = YES;
				GCC_WARN_UNUSED_VARIABLE = YES;
				IPHONEOS_DEPLOYMENT_TARGET = 9.2;
				MTL_ENABLE_DEBUG_INFO = YES;
				ONLY_ACTIVE_ARCH = YES;
				SDKROOT = iphoneos;
			};
			name = Debug;
		};
		5650FA861CC8740E006CC593 /* Release */ = {
			isa = XCBuildConfiguration;
			buildSettings = {
				ALWAYS_SEARCH_USER_PATHS = NO;
				CLANG_CXX_LANGUAGE_STANDARD = "gnu++0x";
				CLANG_CXX_LIBRARY = "libc++";
				CLANG_ENABLE_MODULES = YES;
				CLANG_ENABLE_OBJC_ARC = YES;
				CLANG_WARN_BOOL_CONVERSION = YES;
				CLANG_WARN_CONSTANT_CONVERSION = YES;
				CLANG_WARN_DIRECT_OBJC_ISA_USAGE = YES_ERROR;
				CLANG_WARN_EMPTY_BODY = YES;
				CLANG_WARN_ENUM_CONVERSION = YES;
				CLANG_WARN_INT_CONVERSION = YES;
				CLANG_WARN_OBJC_ROOT_CLASS = YES_ERROR;
				CLANG_WARN_UNREACHABLE_CODE = YES;
				CLANG_WARN__DUPLICATE_METHOD_MATCH = YES;
				"CODE_SIGN_IDENTITY[sdk=iphoneos*]" = "iPhone Developer";
				COPY_PHASE_STRIP = NO;
				DEBUG_INFORMATION_FORMAT = "dwarf-with-dsym";
				ENABLE_NS_ASSERTIONS = NO;
				ENABLE_STRICT_OBJC_MSGSEND = YES;
				GCC_C_LANGUAGE_STANDARD = gnu99;
				GCC_NO_COMMON_BLOCKS = YES;
				GCC_WARN_64_TO_32_BIT_CONVERSION = YES;
				GCC_WARN_ABOUT_RETURN_TYPE = YES_ERROR;
				GCC_WARN_UNDECLARED_SELECTOR = YES;
				GCC_WARN_UNINITIALIZED_AUTOS = YES_AGGRESSIVE;
				GCC_WARN_UNUSED_FUNCTION = YES;
				GCC_WARN_UNUSED_VARIABLE = YES;
				IPHONEOS_DEPLOYMENT_TARGET = 9.2;
				MTL_ENABLE_DEBUG_INFO = NO;
				SDKROOT = iphoneos;
				VALIDATE_PRODUCT = YES;
			};
			name = Release;
		};
		5650FA881CC8740E006CC593 /* Debug */ = {
			isa = XCBuildConfiguration;
			buildSettings = {
				ASSETCATALOG_COMPILER_APPICON_NAME = AppIcon;
				INFOPLIST_FILE = FlightCheckDemo/Info.plist;
				LD_RUNPATH_SEARCH_PATHS = "$(inherited) @executable_path/Frameworks";
				PRODUCT_BUNDLE_IDENTIFIER = textdemo.FlightCheckDemo;
				PRODUCT_NAME = "$(TARGET_NAME)";
			};
			name = Debug;
		};
		5650FA891CC8740E006CC593 /* Release */ = {
			isa = XCBuildConfiguration;
			buildSettings = {
				ASSETCATALOG_COMPILER_APPICON_NAME = AppIcon;
				INFOPLIST_FILE = FlightCheckDemo/Info.plist;
				LD_RUNPATH_SEARCH_PATHS = "$(inherited) @executable_path/Frameworks";
				PRODUCT_BUNDLE_IDENTIFIER = textdemo.FlightCheckDemo;
				PRODUCT_NAME = "$(TARGET_NAME)";
			};
			name = Release;
		};
		5650FA8B1CC8740E006CC593 /* Debug */ = {
			isa = XCBuildConfiguration;
			buildSettings = {
				BUNDLE_LOADER = "$(TEST_HOST)";
				INFOPLIST_FILE = FlightCheckDemoTests/Info.plist;
				LD_RUNPATH_SEARCH_PATHS = "$(inherited) @executable_path/Frameworks @loader_path/Frameworks";
				PRODUCT_BUNDLE_IDENTIFIER = textdemo.FlightCheckDemoTests;
				PRODUCT_NAME = "$(TARGET_NAME)";
				TEST_HOST = "$(BUILT_PRODUCTS_DIR)/FlightCheckDemo.app/FlightCheckDemo";
			};
			name = Debug;
		};
		5650FA8C1CC8740E006CC593 /* Release */ = {
			isa = XCBuildConfiguration;
			buildSettings = {
				BUNDLE_LOADER = "$(TEST_HOST)";
				INFOPLIST_FILE = FlightCheckDemoTests/Info.plist;
				LD_RUNPATH_SEARCH_PATHS = "$(inherited) @executable_path/Frameworks @loader_path/Frameworks";
				PRODUCT_BUNDLE_IDENTIFIER = textdemo.FlightCheckDemoTests;
				PRODUCT_NAME = "$(TARGET_NAME)";
				TEST_HOST = "$(BUILT_PRODUCTS_DIR)/FlightCheckDemo.app/FlightCheckDemo";
			};
			name = Release;
		};
		5650FA8E1CC8740E006CC593 /* Debug */ = {
			isa = XCBuildConfiguration;
			buildSettings = {
				INFOPLIST_FILE = FlightCheckDemoUITests/Info.plist;
				LD_RUNPATH_SEARCH_PATHS = "$(inherited) @executable_path/Frameworks @loader_path/Frameworks";
				PRODUCT_BUNDLE_IDENTIFIER = textdemo.FlightCheckDemoUITests;
				PRODUCT_NAME = "$(TARGET_NAME)";
				TEST_TARGET_NAME = FlightCheckDemo;
				USES_XCTRUNNER = YES;
			};
			name = Debug;
		};
		5650FA8F1CC8740E006CC593 /* Release */ = {
			isa = XCBuildConfiguration;
			buildSettings = {
				INFOPLIST_FILE = FlightCheckDemoUITests/Info.plist;
				LD_RUNPATH_SEARCH_PATHS = "$(inherited) @executable_path/Frameworks @loader_path/Frameworks";
				PRODUCT_BUNDLE_IDENTIFIER = textdemo.FlightCheckDemoUITests;
				PRODUCT_NAME = "$(TARGET_NAME)";
				TEST_TARGET_NAME = FlightCheckDemo;
				USES_XCTRUNNER = YES;
			};
			name = Release;
		};
/* End XCBuildConfiguration section */

/* Begin XCConfigurationList section */
		5650FA551CC8740D006CC593 /* Build configuration list for PBXProject "FlightCheckDemo" */ = {
			isa = XCConfigurationList;
			buildConfigurations = (
				5650FA851CC8740E006CC593 /* Debug */,
				5650FA861CC8740E006CC593 /* Release */,
			);
			defaultConfigurationIsVisible = 0;
			defaultConfigurationName = Release;
		};
		5650FA871CC8740E006CC593 /* Build configuration list for PBXNativeTarget "FlightCheckDemo" */ = {
			isa = XCConfigurationList;
			buildConfigurations = (
				5650FA881CC8740E006CC593 /* Debug */,
				5650FA891CC8740E006CC593 /* Release */,
			);
			defaultConfigurationIsVisible = 0;
			defaultConfigurationName = Release;
		};
		5650FA8A1CC8740E006CC593 /* Build configuration list for PBXNativeTarget "FlightCheckDemoTests" */ = {
			isa = XCConfigurationList;
			buildConfigurations = (
				5650FA8B1CC8740E006CC593 /* Debug */,
				5650FA8C1CC8740E006CC593 /* Release */,
			);
			defaultConfigurationIsVisible = 0;
			defaultConfigurationName = Release;
		};
		5650FA8D1CC8740E006CC593 /* Build configuration list for PBXNativeTarget "FlightCheckDemoUITests" */ = {
			isa = XCConfigurationList;
			buildConfigurations = (
				5650FA8E1CC8740E006CC593 /* Debug */,
				5650FA8F1CC8740E006CC593 /* Release */,
			);
			defaultConfigurationIsVisible = 0;
			defaultConfigurationName = Release;
		};
/* End XCConfigurationList section */
	};
	rootObject = 5650FA521CC8740D006CC593 /* Project object */;
}
